// !$*UTF8*$!
{
	archiveVersion = 1;
	classes = {
	};
	objectVersion = 50;
	objects = {

/* Begin PBXBuildFile section */
		7C4F115D253C90BA006D593D /* AppDelegate.swift in Sources */ = {isa = PBXBuildFile; fileRef = 7C4F115C253C90BA006D593D /* AppDelegate.swift */; };
		7C4F115F253C90BA006D593D /* SceneDelegate.swift in Sources */ = {isa = PBXBuildFile; fileRef = 7C4F115E253C90BA006D593D /* SceneDelegate.swift */; };
		7C4F1164253C90BA006D593D /* Main.storyboard in Resources */ = {isa = PBXBuildFile; fileRef = 7C4F1162253C90BA006D593D /* Main.storyboard */; };
		7C4F1166253C90BB006D593D /* Assets.xcassets in Resources */ = {isa = PBXBuildFile; fileRef = 7C4F1165253C90BB006D593D /* Assets.xcassets */; };
		7C4F1169253C90BB006D593D /* LaunchScreen.storyboard in Resources */ = {isa = PBXBuildFile; fileRef = 7C4F1167253C90BB006D593D /* LaunchScreen.storyboard */; };
		7C4F1172253C9106006D593D /* paperDollViewController.swift in Sources */ = {isa = PBXBuildFile; fileRef = 7C4F1171253C9106006D593D /* paperDollViewController.swift */; };
		7C5C93D3253DF52600920B3F /* 赤心無疆.mp3 in Resources */ = {isa = PBXBuildFile; fileRef = 7C5C93D2253DF52600920B3F /* 赤心無疆.mp3 */; };
		7C5C93D5253E68ED00920B3F /* changepaperdoll.app in Resources */ = {isa = PBXBuildFile; fileRef = 7C4F1159253C90BA006D593D /* changepaperdoll.app */; };
/* End PBXBuildFile section */

/* Begin PBXFileReference section */
		7C4F1159253C90BA006D593D /* changepaperdoll.app */ = {isa = PBXFileReference; explicitFileType = wrapper.application; includeInIndex = 0; path = changepaperdoll.app; sourceTree = BUILT_PRODUCTS_DIR; };
		7C4F115C253C90BA006D593D /* AppDelegate.swift */ = {isa = PBXFileReference; lastKnownFileType = sourcecode.swift; path = AppDelegate.swift; sourceTree = "<group>"; };
		7C4F115E253C90BA006D593D /* SceneDelegate.swift */ = {isa = PBXFileReference; lastKnownFileType = sourcecode.swift; path = SceneDelegate.swift; sourceTree = "<group>"; };
		7C4F1163253C90BA006D593D /* Base */ = {isa = PBXFileReference; lastKnownFileType = file.storyboard; name = Base; path = Base.lproj/Main.storyboard; sourceTree = "<group>"; };
		7C4F1165253C90BB006D593D /* Assets.xcassets */ = {isa = PBXFileReference; lastKnownFileType = folder.assetcatalog; path = Assets.xcassets; sourceTree = "<group>"; };
		7C4F1168253C90BB006D593D /* Base */ = {isa = PBXFileReference; lastKnownFileType = file.storyboard; name = Base; path = Base.lproj/LaunchScreen.storyboard; sourceTree = "<group>"; };
		7C4F116A253C90BB006D593D /* Info.plist */ = {isa = PBXFileReference; lastKnownFileType = text.plist.xml; path = Info.plist; sourceTree = "<group>"; };
		7C4F1171253C9106006D593D /* paperDollViewController.swift */ = {isa = PBXFileReference; lastKnownFileType = sourcecode.swift; path = paperDollViewController.swift; sourceTree = "<group>"; };
		7C5C93D2253DF52600920B3F /* 赤心無疆.mp3 */ = {isa = PBXFileReference; lastKnownFileType = audio.mp3; path = "赤心無疆.mp3"; sourceTree = "<group>"; };
/* End PBXFileReference section */

/* Begin PBXFrameworksBuildPhase section */
		7C4F1156253C90BA006D593D /* Frameworks */ = {
			isa = PBXFrameworksBuildPhase;
			buildActionMask = 2147483647;
			files = (
			);
			runOnlyForDeploymentPostprocessing = 0;
		};
/* End PBXFrameworksBuildPhase section */

/* Begin PBXGroup section */
		7C4F1150253C90BA006D593D = {
			isa = PBXGroup;
			children = (
				7C4F115B253C90BA006D593D /* changepaperdoll */,
				7C4F115A253C90BA006D593D /* Products */,
			);
			sourceTree = "<group>";
		};
		7C4F115A253C90BA006D593D /* Products */ = {
			isa = PBXGroup;
			children = (
				7C4F1159253C90BA006D593D /* changepaperdoll.app */,
			);
			name = Products;
			sourceTree = "<group>";
		};
		7C4F115B253C90BA006D593D /* changepaperdoll */ = {
			isa = PBXGroup;
			children = (
				7C5C93D2253DF52600920B3F /* 赤心無疆.mp3 */,
				7C4F115C253C90BA006D593D /* AppDelegate.swift */,
				7C4F115E253C90BA006D593D /* SceneDelegate.swift */,
				7C4F1171253C9106006D593D /* paperDollViewController.swift */,
				7C4F1162253C90BA006D593D /* Main.storyboard */,
				7C4F1165253C90BB006D593D /* Assets.xcassets */,
				7C4F1167253C90BB006D593D /* LaunchScreen.storyboard */,
				7C4F116A253C90BB006D593D /* Info.plist */,
			);
			path = changepaperdoll;
			sourceTree = "<group>";
		};
/* End PBXGroup section */

/* Begin PBXNativeTarget section */
		7C4F1158253C90BA006D593D /* changepaperdoll */ = {
			isa = PBXNativeTarget;
			buildConfigurationList = 7C4F116D253C90BB006D593D /* Build configuration list for PBXNativeTarget "changepaperdoll" */;
			buildPhases = (
				7C4F1155253C90BA006D593D /* Sources */,
				7C4F1156253C90BA006D593D /* Frameworks */,
				7C4F1157253C90BA006D593D /* Resources */,
			);
			buildRules = (
			);
			dependencies = (
			);
			name = changepaperdoll;
			productName = changepaperdoll;
			productReference = 7C4F1159253C90BA006D593D /* changepaperdoll.app */;
			productType = "com.apple.product-type.application";
		};
/* End PBXNativeTarget section */

/* Begin PBXProject section */
		7C4F1151253C90BA006D593D /* Project object */ = {
			isa = PBXProject;
			attributes = {
				LastSwiftUpdateCheck = 1220;
				LastUpgradeCheck = 1220;
				TargetAttributes = {
					7C4F1158253C90BA006D593D = {
						CreatedOnToolsVersion = 12.2;
					};
				};
			};
			buildConfigurationList = 7C4F1154253C90BA006D593D /* Build configuration list for PBXProject "changepaperdoll" */;
			compatibilityVersion = "Xcode 9.3";
			developmentRegion = en;
			hasScannedForEncodings = 0;
			knownRegions = (
				en,
				Base,
			);
			mainGroup = 7C4F1150253C90BA006D593D;
			productRefGroup = 7C4F115A253C90BA006D593D /* Products */;
			projectDirPath = "";
			projectRoot = "";
			targets = (
				7C4F1158253C90BA006D593D /* changepaperdoll */,
			);
		};
/* End PBXProject section */

/* Begin PBXResourcesBuildPhase section */
		7C4F1157253C90BA006D593D /* Resources */ = {
			isa = PBXResourcesBuildPhase;
			buildActionMask = 2147483647;
			files = (
				7C5C93D3253DF52600920B3F /* 赤心無疆.mp3 in Resources */,
				7C4F1169253C90BB006D593D /* LaunchScreen.storyboard in Resources */,
				7C4F1166253C90BB006D593D /* Assets.xcassets in Resources */,
				7C5C93D5253E68ED00920B3F /* changepaperdoll.app in Resources */,
				7C4F1164253C90BA006D593D /* Main.storyboard in Resources */,
			);
			runOnlyForDeploymentPostprocessing = 0;
		};
/* End PBXResourcesBuildPhase section */

/* Begin PBXSourcesBuildPhase section */
		7C4F1155253C90BA006D593D /* Sources */ = {
			isa = PBXSourcesBuildPhase;
			buildActionMask = 2147483647;
			files = (
				7C4F115D253C90BA006D593D /* AppDelegate.swift in Sources */,
				7C4F1172253C9106006D593D /* paperDollViewController.swift in Sources */,
				7C4F115F253C90BA006D593D /* SceneDelegate.swift in Sources */,
			);
			runOnlyForDeploymentPostprocessing = 0;
		};
/* End PBXSourcesBuildPhase section */

/* Begin PBXVariantGroup section */
		7C4F1162253C90BA006D593D /* Main.storyboard */ = {
			isa = PBXVariantGroup;
			children = (
				7C4F1163253C90BA006D593D /* Base */,
			);
			name = Main.storyboard;
			sourceTree = "<group>";
		};
		7C4F1167253C90BB006D593D /* LaunchScreen.storyboard */ = {
			isa = PBXVariantGroup;
			children = (
				7C4F1168253C90BB006D593D /* Base */,
			);
			name = LaunchScreen.storyboard;
			sourceTree = "<group>";
		};
/* End PBXVariantGroup section */

/* Begin XCBuildConfiguration section */
		7C4F116B253C90BB006D593D /* Debug */ = {
			isa = XCBuildConfiguration;
			buildSettings = {
				ALWAYS_SEARCH_USER_PATHS = NO;
				CLANG_ANALYZER_NONNULL = YES;
				CLANG_ANALYZER_NUMBER_OBJECT_CONVERSION = YES_AGGRESSIVE;
				CLANG_CXX_LANGUAGE_STANDARD = "gnu++14";
				CLANG_CXX_LIBRARY = "libc++";
				CLANG_ENABLE_MODULES = YES;
				CLANG_ENABLE_OBJC_ARC = YES;
				CLANG_ENABLE_OBJC_WEAK = YES;
				CLANG_WARN_BLOCK_CAPTURE_AUTORELEASING = YES;
				CLANG_WARN_BOOL_CONVERSION = YES;
				CLANG_WARN_COMMA = YES;
				CLANG_WARN_CONSTANT_CONVERSION = YES;
				CLANG_WARN_DEPRECATED_OBJC_IMPLEMENTATIONS = YES;
				CLANG_WARN_DIRECT_OBJC_ISA_USAGE = YES_ERROR;
				CLANG_WARN_DOCUMENTATION_COMMENTS = YES;
				CLANG_WARN_EMPTY_BODY = YES;
				CLANG_WARN_ENUM_CONVERSION = YES;
				CLANG_WARN_INFINITE_RECURSION = YES;
				CLANG_WARN_INT_CONVERSION = YES;
				CLANG_WARN_NON_LITERAL_NULL_CONVERSION = YES;
				CLANG_WARN_OBJC_IMPLICIT_RETAIN_SELF = YES;
				CLANG_WARN_OBJC_LITERAL_CONVERSION = YES;
				CLANG_WARN_OBJC_ROOT_CLASS = YES_ERROR;
				CLANG_WARN_QUOTED_INCLUDE_IN_FRAMEWORK_HEADER = YES;
				CLANG_WARN_RANGE_LOOP_ANALYSIS = YES;
				CLANG_WARN_STRICT_PROTOTYPES = YES;
				CLANG_WARN_SUSPICIOUS_MOVE = YES;
				CLANG_WARN_UNGUARDED_AVAILABILITY = YES_AGGRESSIVE;
				CLANG_WARN_UNREACHABLE_CODE = YES;
				CLANG_WARN__DUPLICATE_METHOD_MATCH = YES;
				COPY_PHASE_STRIP = NO;
				DEBUG_INFORMATION_FORMAT = dwarf;
				ENABLE_STRICT_OBJC_MSGSEND = YES;
				ENABLE_TESTABILITY = YES;
				GCC_C_LANGUAGE_STANDARD = gnu11;
				GCC_DYNAMIC_NO_PIC = NO;
				GCC_NO_COMMON_BLOCKS = YES;
				GCC_OPTIMIZATION_LEVEL = 0;
				GCC_PREPROCESSOR_DEFINITIONS = (
					"DEBUG=1",
					"$(inherited)",
				);
				GCC_WARN_64_TO_32_BIT_CONVERSION = YES;
				GCC_WARN_ABOUT_RETURN_TYPE = YES_ERROR;
				GCC_WARN_UNDECLARED_SELECTOR = YES;
				GCC_WARN_UNINITIALIZED_AUTOS = YES_AGGRESSIVE;
				GCC_WARN_UNUSED_FUNCTION = YES;
				GCC_WARN_UNUSED_VARIABLE = YES;
				IPHONEOS_DEPLOYMENT_TARGET = 14.2;
				MTL_ENABLE_DEBUG_INFO = INCLUDE_SOURCE;
				MTL_FAST_MATH = YES;
				ONLY_ACTIVE_ARCH = YES;
				SDKROOT = iphoneos;
				SWIFT_ACTIVE_COMPILATION_CONDITIONS = DEBUG;
				SWIFT_OPTIMIZATION_LEVEL = "-Onone";
			};
			name = Debug;
		};
		7C4F116C253C90BB006D593D /* Release */ = {
			isa = XCBuildConfiguration;
			buildSettings = {
				ALWAYS_SEARCH_USER_PATHS = NO;
				CLANG_ANALYZER_NONNULL = YES;
				CLANG_ANALYZER_NUMBER_OBJECT_CONVERSION = YES_AGGRESSIVE;
				CLANG_CXX_LANGUAGE_STANDARD = "gnu++14";
				CLANG_CXX_LIBRARY = "libc++";
				CLANG_ENABLE_MODULES = YES;
				CLANG_ENABLE_OBJC_ARC = YES;
				CLANG_ENABLE_OBJC_WEAK = YES;
				CLANG_WARN_BLOCK_CAPTURE_AUTORELEASING = YES;
				CLANG_WARN_BOOL_CONVERSION = YES;
				CLANG_WARN_COMMA = YES;
				CLANG_WARN_CONSTANT_CONVERSION = YES;
				CLANG_WARN_DEPRECATED_OBJC_IMPLEMENTATIONS = YES;
				CLANG_WARN_DIRECT_OBJC_ISA_USAGE = YES_ERROR;
				CLANG_WARN_DOCUMENTATION_COMMENTS = YES;
				CLANG_WARN_EMPTY_BODY = YES;
				CLANG_WARN_ENUM_CONVERSION = YES;
				CLANG_WARN_INFINITE_RECURSION = YES;
				CLANG_WARN_INT_CONVERSION = YES;
				CLANG_WARN_NON_LITERAL_NULL_CONVERSION = YES;
				CLANG_WARN_OBJC_IMPLICIT_RETAIN_SELF = YES;
				CLANG_WARN_OBJC_LITERAL_CONVERSION = YES;
				CLANG_WARN_OBJC_ROOT_CLASS = YES_ERROR;
				CLANG_WARN_QUOTED_INCLUDE_IN_FRAMEWORK_HEADER = YES;
				CLANG_WARN_RANGE_LOOP_ANALYSIS = YES;
				CLANG_WARN_STRICT_PROTOTYPES = YES;
				CLANG_WARN_SUSPICIOUS_MOVE = YES;
				CLANG_WARN_UNGUARDED_AVAILABILITY = YES_AGGRESSIVE;
				CLANG_WARN_UNREACHABLE_CODE = YES;
				CLANG_WARN__DUPLICATE_METHOD_MATCH = YES;
				COPY_PHASE_STRIP = NO;
				DEBUG_INFORMATION_FORMAT = "dwarf-with-dsym";
				ENABLE_NS_ASSERTIONS = NO;
				ENABLE_STRICT_OBJC_MSGSEND = YES;
				GCC_C_LANGUAGE_STANDARD = gnu11;
				GCC_NO_COMMON_BLOCKS = YES;
				GCC_WARN_64_TO_32_BIT_CONVERSION = YES;
				GCC_WARN_ABOUT_RETURN_TYPE = YES_ERROR;
				GCC_WARN_UNDECLARED_SELECTOR = YES;
				GCC_WARN_UNINITIALIZED_AUTOS = YES_AGGRESSIVE;
				GCC_WARN_UNUSED_FUNCTION = YES;
				GCC_WARN_UNUSED_VARIABLE = YES;
				IPHONEOS_DEPLOYMENT_TARGET = 14.2;
				MTL_ENABLE_DEBUG_INFO = NO;
				MTL_FAST_MATH = YES;
				SDKROOT = iphoneos;
				SWIFT_COMPILATION_MODE = wholemodule;
				SWIFT_OPTIMIZATION_LEVEL = "-O";
				VALIDATE_PRODUCT = YES;
			};
			name = Release;
		};
		7C4F116E253C90BB006D593D /* Debug */ = {
			isa = XCBuildConfiguration;
			buildSettings = {
				ASSETCATALOG_COMPILER_APPICON_NAME = AppIcon;
				ASSETCATALOG_COMPILER_GLOBAL_ACCENT_COLOR_NAME = AccentColor;
				CODE_SIGN_STYLE = Automatic;
				DEVELOPMENT_TEAM = J23Y6Z2VC7;
				INFOPLIST_FILE = changepaperdoll/Info.plist;
				LD_RUNPATH_SEARCH_PATHS = (
					"$(inherited)",
					"@executable_path/Frameworks",
				);
				PRODUCT_BUNDLE_IDENTIFIER = com.joseph.changepaperdoll;
				PRODUCT_NAME = "$(TARGET_NAME)";
				SWIFT_VERSION = 5.0;
				TARGETED_DEVICE_FAMILY = "1,2";
			};
			name = Debug;
		};
		7C4F116F253C90BB006D593D /* Release */ = {
			isa = XCBuildConfiguration;
			buildSettings = {
				ASSETCATALOG_COMPILER_APPICON_NAME = AppIcon;
				ASSETCATALOG_COMPILER_GLOBAL_ACCENT_COLOR_NAME = AccentColor;
				CODE_SIGN_STYLE = Automatic;
				DEVELOPMENT_TEAM = J23Y6Z2VC7;
				INFOPLIST_FILE = changepaperdoll/Info.plist;
				LD_RUNPATH_SEARCH_PATHS = (
					"$(inherited)",
					"@executable_path/Frameworks",
				);
				PRODUCT_BUNDLE_IDENTIFIER = com.joseph.changepaperdoll;
				PRODUCT_NAME = "$(TARGET_NAME)";
				SWIFT_VERSION = 5.0;
				TARGETED_DEVICE_FAMILY = "1,2";
			};
			name = Release;
		};
/* End XCBuildConfiguration section */

/* Begin XCConfigurationList section */
		7C4F1154253C90BA006D593D /* Build configuration list for PBXProject "changepaperdoll" */ = {
			isa = XCConfigurationList;
			buildConfigurations = (
				7C4F116B253C90BB006D593D /* Debug */,
				7C4F116C253C90BB006D593D /* Release */,
			);
			defaultConfigurationIsVisible = 0;
			defaultConfigurationName = Release;
		};
		7C4F116D253C90BB006D593D /* Build configuration list for PBXNativeTarget "changepaperdoll" */ = {
			isa = XCConfigurationList;
			buildConfigurations = (
				7C4F116E253C90BB006D593D /* Debug */,
				7C4F116F253C90BB006D593D /* Release */,
			);
			defaultConfigurationIsVisible = 0;
			defaultConfigurationName = Release;
		};
/* End XCConfigurationList section */
	};
	rootObject = 7C4F1151253C90BA006D593D /* Project object */;
}
